// !$*UTF8*$!
{
	archiveVersion = 1;
	classes = {
	};
	objectVersion = 46;
	objects = {

/* Begin PBXBuildFile section */
		C211B3301940E2C300F015B2 /* Hi5FeedbackViewController.m in Sources */ = {isa = PBXBuildFile; fileRef = C211B32F1940E2C300F015B2 /* Hi5FeedbackViewController.m */; };
		C2142F611907694B009F30D5 /* Hi5CardCell.m in Sources */ = {isa = PBXBuildFile; fileRef = C2142F601907694B009F30D5 /* Hi5CardCell.m */; };
		C27950CE1907140500D3D8AF /* Foundation.framework in Frameworks */ = {isa = PBXBuildFile; fileRef = C27950CD1907140500D3D8AF /* Foundation.framework */; };
		C27950D01907140500D3D8AF /* CoreGraphics.framework in Frameworks */ = {isa = PBXBuildFile; fileRef = C27950CF1907140500D3D8AF /* CoreGraphics.framework */; };
		C27950D21907140500D3D8AF /* UIKit.framework in Frameworks */ = {isa = PBXBuildFile; fileRef = C27950D11907140500D3D8AF /* UIKit.framework */; };
		C27950D81907140500D3D8AF /* InfoPlist.strings in Resources */ = {isa = PBXBuildFile; fileRef = C27950D61907140500D3D8AF /* InfoPlist.strings */; };
		C27950DA1907140500D3D8AF /* main.m in Sources */ = {isa = PBXBuildFile; fileRef = C27950D91907140500D3D8AF /* main.m */; };
		C27950DE1907140500D3D8AF /* Hi5AppDelegate.m in Sources */ = {isa = PBXBuildFile; fileRef = C27950DD1907140500D3D8AF /* Hi5AppDelegate.m */; };
		C27950E11907140500D3D8AF /* Main.storyboard in Resources */ = {isa = PBXBuildFile; fileRef = C27950DF1907140500D3D8AF /* Main.storyboard */; };
		C27950E41907140500D3D8AF /* Hi5MasterViewController.m in Sources */ = {isa = PBXBuildFile; fileRef = C27950E31907140500D3D8AF /* Hi5MasterViewController.m */; };
		C27950E91907140500D3D8AF /* Images.xcassets in Resources */ = {isa = PBXBuildFile; fileRef = C27950E81907140500D3D8AF /* Images.xcassets */; };
		C27950F01907140500D3D8AF /* XCTest.framework in Frameworks */ = {isa = PBXBuildFile; fileRef = C27950EF1907140500D3D8AF /* XCTest.framework */; };
		C27950F11907140500D3D8AF /* Foundation.framework in Frameworks */ = {isa = PBXBuildFile; fileRef = C27950CD1907140500D3D8AF /* Foundation.framework */; };
		C27950F21907140500D3D8AF /* UIKit.framework in Frameworks */ = {isa = PBXBuildFile; fileRef = C27950D11907140500D3D8AF /* UIKit.framework */; };
		C27950FA1907140500D3D8AF /* InfoPlist.strings in Resources */ = {isa = PBXBuildFile; fileRef = C27950F81907140500D3D8AF /* InfoPlist.strings */; };
		C27950FC1907140500D3D8AF /* Hi5Tests.m in Sources */ = {isa = PBXBuildFile; fileRef = C27950FB1907140500D3D8AF /* Hi5Tests.m */; };
		C2B609C2190AF643001DFB14 /* UILabel+nsobject.m in Sources */ = {isa = PBXBuildFile; fileRef = C2B609C1190AF643001DFB14 /* UILabel+nsobject.m */; };
		C2B609D8190B1372001DFB14 /* clubs+1.png in Resources */ = {isa = PBXBuildFile; fileRef = C2B609C3190B1372001DFB14 /* clubs+1.png */; };
		C2B609D9190B1372001DFB14 /* clubs+2.png in Resources */ = {isa = PBXBuildFile; fileRef = C2B609C4190B1372001DFB14 /* clubs+2.png */; };
		C2B609DA190B1372001DFB14 /* clubs+3.png in Resources */ = {isa = PBXBuildFile; fileRef = C2B609C5190B1372001DFB14 /* clubs+3.png */; };
		C2B609DB190B1372001DFB14 /* clubs+4.png in Resources */ = {isa = PBXBuildFile; fileRef = C2B609C6190B1372001DFB14 /* clubs+4.png */; };
		C2B609DC190B1372001DFB14 /* clubs+5.png in Resources */ = {isa = PBXBuildFile; fileRef = C2B609C7190B1372001DFB14 /* clubs+5.png */; };
		C2B609DD190B1372001DFB14 /* diamonds+1.png in Resources */ = {isa = PBXBuildFile; fileRef = C2B609C8190B1372001DFB14 /* diamonds+1.png */; };
		C2B609DE190B1372001DFB14 /* diamonds+2.png in Resources */ = {isa = PBXBuildFile; fileRef = C2B609C9190B1372001DFB14 /* diamonds+2.png */; };
		C2B609DF190B1372001DFB14 /* diamonds+3.png in Resources */ = {isa = PBXBuildFile; fileRef = C2B609CA190B1372001DFB14 /* diamonds+3.png */; };
		C2B609E0190B1372001DFB14 /* diamonds+4.png in Resources */ = {isa = PBXBuildFile; fileRef = C2B609CB190B1372001DFB14 /* diamonds+4.png */; };
		C2B609E1190B1372001DFB14 /* diamonds+5.png in Resources */ = {isa = PBXBuildFile; fileRef = C2B609CC190B1372001DFB14 /* diamonds+5.png */; };
		C2B609E2190B1372001DFB14 /* empty+0.jpg in Resources */ = {isa = PBXBuildFile; fileRef = C2B609CD190B1372001DFB14 /* empty+0.jpg */; };
		C2B609E3190B1372001DFB14 /* hearts+1.png in Resources */ = {isa = PBXBuildFile; fileRef = C2B609CE190B1372001DFB14 /* hearts+1.png */; };
		C2B609E4190B1372001DFB14 /* hearts+2.png in Resources */ = {isa = PBXBuildFile; fileRef = C2B609CF190B1372001DFB14 /* hearts+2.png */; };
		C2B609E5190B1372001DFB14 /* hearts+3.png in Resources */ = {isa = PBXBuildFile; fileRef = C2B609D0190B1372001DFB14 /* hearts+3.png */; };
		C2B609E6190B1372001DFB14 /* hearts+4.png in Resources */ = {isa = PBXBuildFile; fileRef = C2B609D1190B1372001DFB14 /* hearts+4.png */; };
		C2B609E7190B1372001DFB14 /* hearts+5.png in Resources */ = {isa = PBXBuildFile; fileRef = C2B609D2190B1372001DFB14 /* hearts+5.png */; };
		C2B609E8190B1372001DFB14 /* spades+1.png in Resources */ = {isa = PBXBuildFile; fileRef = C2B609D3190B1372001DFB14 /* spades+1.png */; };
		C2B609E9190B1372001DFB14 /* spades+2.png in Resources */ = {isa = PBXBuildFile; fileRef = C2B609D4190B1372001DFB14 /* spades+2.png */; };
		C2B609EA190B1372001DFB14 /* spades+3.png in Resources */ = {isa = PBXBuildFile; fileRef = C2B609D5190B1372001DFB14 /* spades+3.png */; };
		C2B609EB190B1372001DFB14 /* spades+4.png in Resources */ = {isa = PBXBuildFile; fileRef = C2B609D6190B1372001DFB14 /* spades+4.png */; };
		C2B609EC190B1372001DFB14 /* spades+5.png in Resources */ = {isa = PBXBuildFile; fileRef = C2B609D7190B1372001DFB14 /* spades+5.png */; };
		C2DCFA231912C1FC00ABEAFD /* Hi5CardDeck.m in Sources */ = {isa = PBXBuildFile; fileRef = C2DCFA221912C1FC00ABEAFD /* Hi5CardDeck.m */; };
		C2DCFA261912F39700ABEAFD /* Hi5Card.m in Sources */ = {isa = PBXBuildFile; fileRef = C2DCFA251912F39700ABEAFD /* Hi5Card.m */; };
		C2DCFA291912F70800ABEAFD /* NSMutableArray+Shuffle.m in Sources */ = {isa = PBXBuildFile; fileRef = C2DCFA281912F70800ABEAFD /* NSMutableArray+Shuffle.m */; };
		C2DDA2B5190A1433002156E5 /* Hi5CollectionView.m in Sources */ = {isa = PBXBuildFile; fileRef = C2DDA2B4190A1433002156E5 /* Hi5CollectionView.m */; };
		C2EEC2E8193FDE5700E96E92 /* Hi5BoardViewDataSource.m in Sources */ = {isa = PBXBuildFile; fileRef = C2EEC2E7193FDE5700E96E92 /* Hi5BoardViewDataSource.m */; };
/* End PBXBuildFile section */

/* Begin PBXContainerItemProxy section */
		C27950F31907140500D3D8AF /* PBXContainerItemProxy */ = {
			isa = PBXContainerItemProxy;
			containerPortal = C27950C21907140500D3D8AF /* Project object */;
			proxyType = 1;
			remoteGlobalIDString = C27950C91907140500D3D8AF;
			remoteInfo = Hi5;
		};
/* End PBXContainerItemProxy section */

/* Begin PBXFileReference section */
		C211B32E1940E2C300F015B2 /* Hi5FeedbackViewController.h */ = {isa = PBXFileReference; fileEncoding = 4; lastKnownFileType = sourcecode.c.h; path = Hi5FeedbackViewController.h; sourceTree = "<group>"; };
		C211B32F1940E2C300F015B2 /* Hi5FeedbackViewController.m */ = {isa = PBXFileReference; fileEncoding = 4; lastKnownFileType = sourcecode.c.objc; path = Hi5FeedbackViewController.m; sourceTree = "<group>"; };
		C2142F5F1907694B009F30D5 /* Hi5CardCell.h */ = {isa = PBXFileReference; fileEncoding = 4; lastKnownFileType = sourcecode.c.h; path = Hi5CardCell.h; sourceTree = "<group>"; };
		C2142F601907694B009F30D5 /* Hi5CardCell.m */ = {isa = PBXFileReference; fileEncoding = 4; lastKnownFileType = sourcecode.c.objc; path = Hi5CardCell.m; sourceTree = "<group>"; };
		C27950CA1907140500D3D8AF /* Hi5.app */ = {isa = PBXFileReference; explicitFileType = wrapper.application; includeInIndex = 0; path = Hi5.app; sourceTree = BUILT_PRODUCTS_DIR; };
		C27950CD1907140500D3D8AF /* Foundation.framework */ = {isa = PBXFileReference; lastKnownFileType = wrapper.framework; name = Foundation.framework; path = System/Library/Frameworks/Foundation.framework; sourceTree = SDKROOT; };
		C27950CF1907140500D3D8AF /* CoreGraphics.framework */ = {isa = PBXFileReference; lastKnownFileType = wrapper.framework; name = CoreGraphics.framework; path = System/Library/Frameworks/CoreGraphics.framework; sourceTree = SDKROOT; };
		C27950D11907140500D3D8AF /* UIKit.framework */ = {isa = PBXFileReference; lastKnownFileType = wrapper.framework; name = UIKit.framework; path = System/Library/Frameworks/UIKit.framework; sourceTree = SDKROOT; };
		C27950D51907140500D3D8AF /* Hi5-Info.plist */ = {isa = PBXFileReference; lastKnownFileType = text.plist.xml; path = "Hi5-Info.plist"; sourceTree = "<group>"; };
		C27950D71907140500D3D8AF /* en */ = {isa = PBXFileReference; lastKnownFileType = text.plist.strings; name = en; path = en.lproj/InfoPlist.strings; sourceTree = "<group>"; };
		C27950D91907140500D3D8AF /* main.m */ = {isa = PBXFileReference; lastKnownFileType = sourcecode.c.objc; path = main.m; sourceTree = "<group>"; };
		C27950DB1907140500D3D8AF /* Hi5-Prefix.pch */ = {isa = PBXFileReference; lastKnownFileType = sourcecode.c.h; path = "Hi5-Prefix.pch"; sourceTree = "<group>"; };
		C27950DC1907140500D3D8AF /* Hi5AppDelegate.h */ = {isa = PBXFileReference; lastKnownFileType = sourcecode.c.h; path = Hi5AppDelegate.h; sourceTree = "<group>"; };
		C27950DD1907140500D3D8AF /* Hi5AppDelegate.m */ = {isa = PBXFileReference; lastKnownFileType = sourcecode.c.objc; path = Hi5AppDelegate.m; sourceTree = "<group>"; };
		C27950E01907140500D3D8AF /* Base */ = {isa = PBXFileReference; lastKnownFileType = file.storyboard; name = Base; path = Base.lproj/Main.storyboard; sourceTree = "<group>"; };
		C27950E21907140500D3D8AF /* Hi5MasterViewController.h */ = {isa = PBXFileReference; lastKnownFileType = sourcecode.c.h; path = Hi5MasterViewController.h; sourceTree = "<group>"; };
		C27950E31907140500D3D8AF /* Hi5MasterViewController.m */ = {isa = PBXFileReference; lastKnownFileType = sourcecode.c.objc; path = Hi5MasterViewController.m; sourceTree = "<group>"; };
		C27950E81907140500D3D8AF /* Images.xcassets */ = {isa = PBXFileReference; lastKnownFileType = folder.assetcatalog; path = Images.xcassets; sourceTree = "<group>"; };
		C27950EE1907140500D3D8AF /* Hi5Tests.xctest */ = {isa = PBXFileReference; explicitFileType = wrapper.cfbundle; includeInIndex = 0; path = Hi5Tests.xctest; sourceTree = BUILT_PRODUCTS_DIR; };
		C27950EF1907140500D3D8AF /* XCTest.framework */ = {isa = PBXFileReference; lastKnownFileType = wrapper.framework; name = XCTest.framework; path = Library/Frameworks/XCTest.framework; sourceTree = DEVELOPER_DIR; };
		C27950F71907140500D3D8AF /* Hi5Tests-Info.plist */ = {isa = PBXFileReference; lastKnownFileType = text.plist.xml; path = "Hi5Tests-Info.plist"; sourceTree = "<group>"; };
		C27950F91907140500D3D8AF /* en */ = {isa = PBXFileReference; lastKnownFileType = text.plist.strings; name = en; path = en.lproj/InfoPlist.strings; sourceTree = "<group>"; };
		C27950FB1907140500D3D8AF /* Hi5Tests.m */ = {isa = PBXFileReference; lastKnownFileType = sourcecode.c.objc; path = Hi5Tests.m; sourceTree = "<group>"; };
		C2B609C0190AF643001DFB14 /* UILabel+nsobject.h */ = {isa = PBXFileReference; fileEncoding = 4; lastKnownFileType = sourcecode.c.h; path = "UILabel+nsobject.h"; sourceTree = "<group>"; };
		C2B609C1190AF643001DFB14 /* UILabel+nsobject.m */ = {isa = PBXFileReference; fileEncoding = 4; lastKnownFileType = sourcecode.c.objc; path = "UILabel+nsobject.m"; sourceTree = "<group>"; };
		C2B609C3190B1372001DFB14 /* clubs+1.png */ = {isa = PBXFileReference; lastKnownFileType = image.png; path = "clubs+1.png"; sourceTree = "<group>"; };
		C2B609C4190B1372001DFB14 /* clubs+2.png */ = {isa = PBXFileReference; lastKnownFileType = image.png; path = "clubs+2.png"; sourceTree = "<group>"; };
		C2B609C5190B1372001DFB14 /* clubs+3.png */ = {isa = PBXFileReference; lastKnownFileType = image.png; path = "clubs+3.png"; sourceTree = "<group>"; };
		C2B609C6190B1372001DFB14 /* clubs+4.png */ = {isa = PBXFileReference; lastKnownFileType = image.png; path = "clubs+4.png"; sourceTree = "<group>"; };
		C2B609C7190B1372001DFB14 /* clubs+5.png */ = {isa = PBXFileReference; lastKnownFileType = image.png; path = "clubs+5.png"; sourceTree = "<group>"; };
		C2B609C8190B1372001DFB14 /* diamonds+1.png */ = {isa = PBXFileReference; lastKnownFileType = image.png; path = "diamonds+1.png"; sourceTree = "<group>"; };
		C2B609C9190B1372001DFB14 /* diamonds+2.png */ = {isa = PBXFileReference; lastKnownFileType = image.png; path = "diamonds+2.png"; sourceTree = "<group>"; };
		C2B609CA190B1372001DFB14 /* diamonds+3.png */ = {isa = PBXFileReference; lastKnownFileType = image.png; path = "diamonds+3.png"; sourceTree = "<group>"; };
		C2B609CB190B1372001DFB14 /* diamonds+4.png */ = {isa = PBXFileReference; lastKnownFileType = image.png; path = "diamonds+4.png"; sourceTree = "<group>"; };
		C2B609CC190B1372001DFB14 /* diamonds+5.png */ = {isa = PBXFileReference; lastKnownFileType = image.png; path = "diamonds+5.png"; sourceTree = "<group>"; };
		C2B609CD190B1372001DFB14 /* empty+0.jpg */ = {isa = PBXFileReference; lastKnownFileType = image.jpeg; path = "empty+0.jpg"; sourceTree = "<group>"; };
		C2B609CE190B1372001DFB14 /* hearts+1.png */ = {isa = PBXFileReference; lastKnownFileType = image.png; path = "hearts+1.png"; sourceTree = "<group>"; };
		C2B609CF190B1372001DFB14 /* hearts+2.png */ = {isa = PBXFileReference; lastKnownFileType = image.png; path = "hearts+2.png"; sourceTree = "<group>"; };
		C2B609D0190B1372001DFB14 /* hearts+3.png */ = {isa = PBXFileReference; lastKnownFileType = image.png; path = "hearts+3.png"; sourceTree = "<group>"; };
		C2B609D1190B1372001DFB14 /* hearts+4.png */ = {isa = PBXFileReference; lastKnownFileType = image.png; path = "hearts+4.png"; sourceTree = "<group>"; };
		C2B609D2190B1372001DFB14 /* hearts+5.png */ = {isa = PBXFileReference; lastKnownFileType = image.png; path = "hearts+5.png"; sourceTree = "<group>"; };
		C2B609D3190B1372001DFB14 /* spades+1.png */ = {isa = PBXFileReference; lastKnownFileType = image.png; path = "spades+1.png"; sourceTree = "<group>"; };
		C2B609D4190B1372001DFB14 /* spades+2.png */ = {isa = PBXFileReference; lastKnownFileType = image.png; path = "spades+2.png"; sourceTree = "<group>"; };
		C2B609D5190B1372001DFB14 /* spades+3.png */ = {isa = PBXFileReference; lastKnownFileType = image.png; path = "spades+3.png"; sourceTree = "<group>"; };
		C2B609D6190B1372001DFB14 /* spades+4.png */ = {isa = PBXFileReference; lastKnownFileType = image.png; path = "spades+4.png"; sourceTree = "<group>"; };
		C2B609D7190B1372001DFB14 /* spades+5.png */ = {isa = PBXFileReference; lastKnownFileType = image.png; path = "spades+5.png"; sourceTree = "<group>"; };
		C2DCFA211912C1FC00ABEAFD /* Hi5CardDeck.h */ = {isa = PBXFileReference; fileEncoding = 4; lastKnownFileType = sourcecode.c.h; path = Hi5CardDeck.h; sourceTree = "<group>"; };
		C2DCFA221912C1FC00ABEAFD /* Hi5CardDeck.m */ = {isa = PBXFileReference; fileEncoding = 4; lastKnownFileType = sourcecode.c.objc; path = Hi5CardDeck.m; sourceTree = "<group>"; };
		C2DCFA241912F39700ABEAFD /* Hi5Card.h */ = {isa = PBXFileReference; fileEncoding = 4; lastKnownFileType = sourcecode.c.h; path = Hi5Card.h; sourceTree = "<group>"; };
		C2DCFA251912F39700ABEAFD /* Hi5Card.m */ = {isa = PBXFileReference; fileEncoding = 4; lastKnownFileType = sourcecode.c.objc; path = Hi5Card.m; sourceTree = "<group>"; };
		C2DCFA271912F70800ABEAFD /* NSMutableArray+Shuffle.h */ = {isa = PBXFileReference; fileEncoding = 4; lastKnownFileType = sourcecode.c.h; path = "NSMutableArray+Shuffle.h"; sourceTree = "<group>"; };
		C2DCFA281912F70800ABEAFD /* NSMutableArray+Shuffle.m */ = {isa = PBXFileReference; fileEncoding = 4; lastKnownFileType = sourcecode.c.objc; path = "NSMutableArray+Shuffle.m"; sourceTree = "<group>"; };
		C2DDA2B3190A1433002156E5 /* Hi5CollectionView.h */ = {isa = PBXFileReference; fileEncoding = 4; lastKnownFileType = sourcecode.c.h; path = Hi5CollectionView.h; sourceTree = "<group>"; };
		C2DDA2B4190A1433002156E5 /* Hi5CollectionView.m */ = {isa = PBXFileReference; fileEncoding = 4; lastKnownFileType = sourcecode.c.objc; path = Hi5CollectionView.m; sourceTree = "<group>"; };
		C2EEC2E6193FDE5700E96E92 /* Hi5BoardViewDataSource.h */ = {isa = PBXFileReference; fileEncoding = 4; lastKnownFileType = sourcecode.c.h; path = Hi5BoardViewDataSource.h; sourceTree = "<group>"; };
		C2EEC2E7193FDE5700E96E92 /* Hi5BoardViewDataSource.m */ = {isa = PBXFileReference; fileEncoding = 4; lastKnownFileType = sourcecode.c.objc; path = Hi5BoardViewDataSource.m; sourceTree = "<group>"; };
/* End PBXFileReference section */

/* Begin PBXFrameworksBuildPhase section */
		C27950C71907140500D3D8AF /* Frameworks */ = {
			isa = PBXFrameworksBuildPhase;
			buildActionMask = 2147483647;
			files = (
				C27950D01907140500D3D8AF /* CoreGraphics.framework in Frameworks */,
				C27950D21907140500D3D8AF /* UIKit.framework in Frameworks */,
				C27950CE1907140500D3D8AF /* Foundation.framework in Frameworks */,
			);
			runOnlyForDeploymentPostprocessing = 0;
		};
		C27950EB1907140500D3D8AF /* Frameworks */ = {
			isa = PBXFrameworksBuildPhase;
			buildActionMask = 2147483647;
			files = (
				C27950F01907140500D3D8AF /* XCTest.framework in Frameworks */,
				C27950F21907140500D3D8AF /* UIKit.framework in Frameworks */,
				C27950F11907140500D3D8AF /* Foundation.framework in Frameworks */,
			);
			runOnlyForDeploymentPostprocessing = 0;
		};
/* End PBXFrameworksBuildPhase section */

/* Begin PBXGroup section */
		C27950C11907140500D3D8AF = {
			isa = PBXGroup;
			children = (
				C27950D31907140500D3D8AF /* Hi5 */,
				C27950F51907140500D3D8AF /* Hi5Tests */,
				C27950CC1907140500D3D8AF /* Frameworks */,
				C27950CB1907140500D3D8AF /* Products */,
			);
			sourceTree = "<group>";
		};
		C27950CB1907140500D3D8AF /* Products */ = {
			isa = PBXGroup;
			children = (
				C27950CA1907140500D3D8AF /* Hi5.app */,
				C27950EE1907140500D3D8AF /* Hi5Tests.xctest */,
			);
			name = Products;
			sourceTree = "<group>";
		};
		C27950CC1907140500D3D8AF /* Frameworks */ = {
			isa = PBXGroup;
			children = (
				C27950CD1907140500D3D8AF /* Foundation.framework */,
				C27950CF1907140500D3D8AF /* CoreGraphics.framework */,
				C27950D11907140500D3D8AF /* UIKit.framework */,
				C27950EF1907140500D3D8AF /* XCTest.framework */,
			);
			name = Frameworks;
			sourceTree = "<group>";
		};
		C27950D31907140500D3D8AF /* Hi5 */ = {
			isa = PBXGroup;
			children = (
				C27950DC1907140500D3D8AF /* Hi5AppDelegate.h */,
				C2DDA2B3190A1433002156E5 /* Hi5CollectionView.h */,
				C2DDA2B4190A1433002156E5 /* Hi5CollectionView.m */,
				C27950DD1907140500D3D8AF /* Hi5AppDelegate.m */,
				C27950DF1907140500D3D8AF /* Main.storyboard */,
				C27950E21907140500D3D8AF /* Hi5MasterViewController.h */,
				C27950E31907140500D3D8AF /* Hi5MasterViewController.m */,
				C27950E81907140500D3D8AF /* Images.xcassets */,
				C27950D41907140500D3D8AF /* Supporting Files */,
				C2142F5F1907694B009F30D5 /* Hi5CardCell.h */,
				C2142F601907694B009F30D5 /* Hi5CardCell.m */,
				C2B609C0190AF643001DFB14 /* UILabel+nsobject.h */,
				C2B609C1190AF643001DFB14 /* UILabel+nsobject.m */,
				C2DCFA211912C1FC00ABEAFD /* Hi5CardDeck.h */,
				C2DCFA221912C1FC00ABEAFD /* Hi5CardDeck.m */,
				C2DCFA241912F39700ABEAFD /* Hi5Card.h */,
				C2DCFA251912F39700ABEAFD /* Hi5Card.m */,
				C2DCFA271912F70800ABEAFD /* NSMutableArray+Shuffle.h */,
				C2DCFA281912F70800ABEAFD /* NSMutableArray+Shuffle.m */,
				C2EEC2E6193FDE5700E96E92 /* Hi5BoardViewDataSource.h */,
				C2EEC2E7193FDE5700E96E92 /* Hi5BoardViewDataSource.m */,
				C211B32E1940E2C300F015B2 /* Hi5FeedbackViewController.h */,
				C211B32F1940E2C300F015B2 /* Hi5FeedbackViewController.m */,
			);
			path = Hi5;
			sourceTree = "<group>";
		};
		C27950D41907140500D3D8AF /* Supporting Files */ = {
			isa = PBXGroup;
			children = (
				C2B609ED190B1388001DFB14 /* cards */,
				C27950D51907140500D3D8AF /* Hi5-Info.plist */,
				C27950D61907140500D3D8AF /* InfoPlist.strings */,
				C27950D91907140500D3D8AF /* main.m */,
				C27950DB1907140500D3D8AF /* Hi5-Prefix.pch */,
			);
			name = "Supporting Files";
			sourceTree = "<group>";
		};
		C27950F51907140500D3D8AF /* Hi5Tests */ = {
			isa = PBXGroup;
			children = (
				C27950FB1907140500D3D8AF /* Hi5Tests.m */,
				C27950F61907140500D3D8AF /* Supporting Files */,
			);
			path = Hi5Tests;
			sourceTree = "<group>";
		};
		C27950F61907140500D3D8AF /* Supporting Files */ = {
			isa = PBXGroup;
			children = (
				C27950F71907140500D3D8AF /* Hi5Tests-Info.plist */,
				C27950F81907140500D3D8AF /* InfoPlist.strings */,
			);
			name = "Supporting Files";
			sourceTree = "<group>";
		};
		C2B609ED190B1388001DFB14 /* cards */ = {
			isa = PBXGroup;
			children = (
				C2B609C3190B1372001DFB14 /* clubs+1.png */,
				C2B609C4190B1372001DFB14 /* clubs+2.png */,
				C2B609C5190B1372001DFB14 /* clubs+3.png */,
				C2B609C6190B1372001DFB14 /* clubs+4.png */,
				C2B609C7190B1372001DFB14 /* clubs+5.png */,
				C2B609C8190B1372001DFB14 /* diamonds+1.png */,
				C2B609C9190B1372001DFB14 /* diamonds+2.png */,
				C2B609CA190B1372001DFB14 /* diamonds+3.png */,
				C2B609CB190B1372001DFB14 /* diamonds+4.png */,
				C2B609CC190B1372001DFB14 /* diamonds+5.png */,
				C2B609CD190B1372001DFB14 /* empty+0.jpg */,
				C2B609CE190B1372001DFB14 /* hearts+1.png */,
				C2B609CF190B1372001DFB14 /* hearts+2.png */,
				C2B609D0190B1372001DFB14 /* hearts+3.png */,
				C2B609D1190B1372001DFB14 /* hearts+4.png */,
				C2B609D2190B1372001DFB14 /* hearts+5.png */,
				C2B609D3190B1372001DFB14 /* spades+1.png */,
				C2B609D4190B1372001DFB14 /* spades+2.png */,
				C2B609D5190B1372001DFB14 /* spades+3.png */,
				C2B609D6190B1372001DFB14 /* spades+4.png */,
				C2B609D7190B1372001DFB14 /* spades+5.png */,
			);
			name = cards;
			sourceTree = "<group>";
		};
/* End PBXGroup section */

/* Begin PBXNativeTarget section */
		C27950C91907140500D3D8AF /* Hi5 */ = {
			isa = PBXNativeTarget;
			buildConfigurationList = C27950FF1907140500D3D8AF /* Build configuration list for PBXNativeTarget "Hi5" */;
			buildPhases = (
				C27950C61907140500D3D8AF /* Sources */,
				C27950C71907140500D3D8AF /* Frameworks */,
				C27950C81907140500D3D8AF /* Resources */,
			);
			buildRules = (
			);
			dependencies = (
			);
			name = Hi5;
			productName = Hi5;
			productReference = C27950CA1907140500D3D8AF /* Hi5.app */;
			productType = "com.apple.product-type.application";
		};
		C27950ED1907140500D3D8AF /* Hi5Tests */ = {
			isa = PBXNativeTarget;
			buildConfigurationList = C27951021907140500D3D8AF /* Build configuration list for PBXNativeTarget "Hi5Tests" */;
			buildPhases = (
				C27950EA1907140500D3D8AF /* Sources */,
				C27950EB1907140500D3D8AF /* Frameworks */,
				C27950EC1907140500D3D8AF /* Resources */,
			);
			buildRules = (
			);
			dependencies = (
				C27950F41907140500D3D8AF /* PBXTargetDependency */,
			);
			name = Hi5Tests;
			productName = Hi5Tests;
			productReference = C27950EE1907140500D3D8AF /* Hi5Tests.xctest */;
			productType = "com.apple.product-type.bundle.unit-test";
		};
/* End PBXNativeTarget section */

/* Begin PBXProject section */
		C27950C21907140500D3D8AF /* Project object */ = {
			isa = PBXProject;
			attributes = {
				CLASSPREFIX = Hi5;
				LastUpgradeCheck = 0510;
				TargetAttributes = {
					C27950ED1907140500D3D8AF = {
						TestTargetID = C27950C91907140500D3D8AF;
					};
				};
			};
			buildConfigurationList = C27950C51907140500D3D8AF /* Build configuration list for PBXProject "Hi5" */;
			compatibilityVersion = "Xcode 3.2";
			developmentRegion = English;
			hasScannedForEncodings = 0;
			knownRegions = (
				en,
				Base,
			);
			mainGroup = C27950C11907140500D3D8AF;
			productRefGroup = C27950CB1907140500D3D8AF /* Products */;
			projectDirPath = "";
			projectRoot = "";
			targets = (
				C27950C91907140500D3D8AF /* Hi5 */,
				C27950ED1907140500D3D8AF /* Hi5Tests */,
			);
		};
/* End PBXProject section */

/* Begin PBXResourcesBuildPhase section */
		C27950C81907140500D3D8AF /* Resources */ = {
			isa = PBXResourcesBuildPhase;
			buildActionMask = 2147483647;
			files = (
				C2B609DB190B1372001DFB14 /* clubs+4.png in Resources */,
				C27950E91907140500D3D8AF /* Images.xcassets in Resources */,
				C2B609E9190B1372001DFB14 /* spades+2.png in Resources */,
				C2B609EB190B1372001DFB14 /* spades+4.png in Resources */,
				C27950D81907140500D3D8AF /* InfoPlist.strings in Resources */,
				C2B609E4190B1372001DFB14 /* hearts+2.png in Resources */,
				C2B609E0190B1372001DFB14 /* diamonds+4.png in Resources */,
				C2B609E5190B1372001DFB14 /* hearts+3.png in Resources */,
				C27950E11907140500D3D8AF /* Main.storyboard in Resources */,
				C2B609D8190B1372001DFB14 /* clubs+1.png in Resources */,
				C2B609DE190B1372001DFB14 /* diamonds+2.png in Resources */,
				C2B609DF190B1372001DFB14 /* diamonds+3.png in Resources */,
				C2B609E1190B1372001DFB14 /* diamonds+5.png in Resources */,
				C2B609D9190B1372001DFB14 /* clubs+2.png in Resources */,
				C2B609E2190B1372001DFB14 /* empty+0.jpg in Resources */,
				C2B609DD190B1372001DFB14 /* diamonds+1.png in Resources */,
				C2B609E3190B1372001DFB14 /* hearts+1.png in Resources */,
				C2B609E8190B1372001DFB14 /* spades+1.png in Resources */,
				C2B609EA190B1372001DFB14 /* spades+3.png in Resources */,
				C2B609E6190B1372001DFB14 /* hearts+4.png in Resources */,
				C2B609DA190B1372001DFB14 /* clubs+3.png in Resources */,
				C2B609DC190B1372001DFB14 /* clubs+5.png in Resources */,
				C2B609E7190B1372001DFB14 /* hearts+5.png in Resources */,
				C2B609EC190B1372001DFB14 /* spades+5.png in Resources */,
			);
			runOnlyForDeploymentPostprocessing = 0;
		};
		C27950EC1907140500D3D8AF /* Resources */ = {
			isa = PBXResourcesBuildPhase;
			buildActionMask = 2147483647;
			files = (
				C27950FA1907140500D3D8AF /* InfoPlist.strings in Resources */,
			);
			runOnlyForDeploymentPostprocessing = 0;
		};
/* End PBXResourcesBuildPhase section */

/* Begin PBXSourcesBuildPhase section */
		C27950C61907140500D3D8AF /* Sources */ = {
			isa = PBXSourcesBuildPhase;
			buildActionMask = 2147483647;
			files = (
				C2DCFA231912C1FC00ABEAFD /* Hi5CardDeck.m in Sources */,
				C2DDA2B5190A1433002156E5 /* Hi5CollectionView.m in Sources */,
				C27950E41907140500D3D8AF /* Hi5MasterViewController.m in Sources */,
				C2EEC2E8193FDE5700E96E92 /* Hi5BoardViewDataSource.m in Sources */,
				C2DCFA261912F39700ABEAFD /* Hi5Card.m in Sources */,
				C2142F611907694B009F30D5 /* Hi5CardCell.m in Sources */,
				C2DCFA291912F70800ABEAFD /* NSMutableArray+Shuffle.m in Sources */,
				C27950DA1907140500D3D8AF /* main.m in Sources */,
				C211B3301940E2C300F015B2 /* Hi5FeedbackViewController.m in Sources */,
				C2B609C2190AF643001DFB14 /* UILabel+nsobject.m in Sources */,
				C27950DE1907140500D3D8AF /* Hi5AppDelegate.m in Sources */,
			);
			runOnlyForDeploymentPostprocessing = 0;
		};
		C27950EA1907140500D3D8AF /* Sources */ = {
			isa = PBXSourcesBuildPhase;
			buildActionMask = 2147483647;
			files = (
				C27950FC1907140500D3D8AF /* Hi5Tests.m in Sources */,
			);
			runOnlyForDeploymentPostprocessing = 0;
		};
/* End PBXSourcesBuildPhase section */

/* Begin PBXTargetDependency section */
		C27950F41907140500D3D8AF /* PBXTargetDependency */ = {
			isa = PBXTargetDependency;
			target = C27950C91907140500D3D8AF /* Hi5 */;
			targetProxy = C27950F31907140500D3D8AF /* PBXContainerItemProxy */;
		};
/* End PBXTargetDependency section */

/* Begin PBXVariantGroup section */
		C27950D61907140500D3D8AF /* InfoPlist.strings */ = {
			isa = PBXVariantGroup;
			children = (
				C27950D71907140500D3D8AF /* en */,
			);
			name = InfoPlist.strings;
			sourceTree = "<group>";
		};
		C27950DF1907140500D3D8AF /* Main.storyboard */ = {
			isa = PBXVariantGroup;
			children = (
				C27950E01907140500D3D8AF /* Base */,
			);
			name = Main.storyboard;
			sourceTree = "<group>";
		};
		C27950F81907140500D3D8AF /* InfoPlist.strings */ = {
			isa = PBXVariantGroup;
			children = (
				C27950F91907140500D3D8AF /* en */,
			);
			name = InfoPlist.strings;
			sourceTree = "<group>";
		};
/* End PBXVariantGroup section */

/* Begin XCBuildConfiguration section */
		C27950FD1907140500D3D8AF /* Debug */ = {
			isa = XCBuildConfiguration;
			buildSettings = {
				ALWAYS_SEARCH_USER_PATHS = NO;
				CLANG_CXX_LANGUAGE_STANDARD = "gnu++0x";
				CLANG_CXX_LIBRARY = "libc++";
				CLANG_ENABLE_MODULES = YES;
				CLANG_ENABLE_OBJC_ARC = YES;
				CLANG_WARN_BOOL_CONVERSION = YES;
				CLANG_WARN_CONSTANT_CONVERSION = YES;
				CLANG_WARN_DIRECT_OBJC_ISA_USAGE = YES_ERROR;
				CLANG_WARN_EMPTY_BODY = YES;
				CLANG_WARN_ENUM_CONVERSION = YES;
				CLANG_WARN_INT_CONVERSION = YES;
				CLANG_WARN_OBJC_ROOT_CLASS = YES_ERROR;
				CLANG_WARN__DUPLICATE_METHOD_MATCH = YES;
				"CODE_SIGN_IDENTITY[sdk=iphoneos*]" = "iPhone Developer";
				COPY_PHASE_STRIP = NO;
				GCC_C_LANGUAGE_STANDARD = gnu99;
				GCC_DYNAMIC_NO_PIC = NO;
				GCC_OPTIMIZATION_LEVEL = 0;
				GCC_PREPROCESSOR_DEFINITIONS = (
					"DEBUG=1",
					"$(inherited)",
				);
				GCC_SYMBOLS_PRIVATE_EXTERN = NO;
				GCC_WARN_64_TO_32_BIT_CONVERSION = YES;
				GCC_WARN_ABOUT_RETURN_TYPE = YES_ERROR;
				GCC_WARN_UNDECLARED_SELECTOR = YES;
				GCC_WARN_UNINITIALIZED_AUTOS = YES_AGGRESSIVE;
				GCC_WARN_UNUSED_FUNCTION = YES;
				GCC_WARN_UNUSED_VARIABLE = YES;
				IPHONEOS_DEPLOYMENT_TARGET = 7.1;
				ONLY_ACTIVE_ARCH = YES;
				SDKROOT = iphoneos;
			};
			name = Debug;
		};
		C27950FE1907140500D3D8AF /* Release */ = {
			isa = XCBuildConfiguration;
			buildSettings = {
				ALWAYS_SEARCH_USER_PATHS = NO;
				CLANG_CXX_LANGUAGE_STANDARD = "gnu++0x";
				CLANG_CXX_LIBRARY = "libc++";
				CLANG_ENABLE_MODULES = YES;
				CLANG_ENABLE_OBJC_ARC = YES;
				CLANG_WARN_BOOL_CONVERSION = YES;
				CLANG_WARN_CONSTANT_CONVERSION = YES;
				CLANG_WARN_DIRECT_OBJC_ISA_USAGE = YES_ERROR;
				CLANG_WARN_EMPTY_BODY = YES;
				CLANG_WARN_ENUM_CONVERSION = YES;
				CLANG_WARN_INT_CONVERSION = YES;
				CLANG_WARN_OBJC_ROOT_CLASS = YES_ERROR;
				CLANG_WARN__DUPLICATE_METHOD_MATCH = YES;
				"CODE_SIGN_IDENTITY[sdk=iphoneos*]" = "iPhone Developer";
				COPY_PHASE_STRIP = YES;
				ENABLE_NS_ASSERTIONS = NO;
				GCC_C_LANGUAGE_STANDARD = gnu99;
				GCC_WARN_64_TO_32_BIT_CONVERSION = YES;
				GCC_WARN_ABOUT_RETURN_TYPE = YES_ERROR;
				GCC_WARN_UNDECLARED_SELECTOR = YES;
				GCC_WARN_UNINITIALIZED_AUTOS = YES_AGGRESSIVE;
				GCC_WARN_UNUSED_FUNCTION = YES;
				GCC_WARN_UNUSED_VARIABLE = YES;
				IPHONEOS_DEPLOYMENT_TARGET = 7.1;
				SDKROOT = iphoneos;
				VALIDATE_PRODUCT = YES;
			};
			name = Release;
		};
		C27951001907140500D3D8AF /* Debug */ = {
			isa = XCBuildConfiguration;
			buildSettings = {
				ASSETCATALOG_COMPILER_APPICON_NAME = AppIcon;
				ASSETCATALOG_COMPILER_LAUNCHIMAGE_NAME = LaunchImage;
				GCC_PRECOMPILE_PREFIX_HEADER = YES;
				GCC_PREFIX_HEADER = "Hi5/Hi5-Prefix.pch";
				INFOPLIST_FILE = "Hi5/Hi5-Info.plist";
				IPHONEOS_DEPLOYMENT_TARGET = 7.0;
				PRODUCT_NAME = "$(TARGET_NAME)";
				WRAPPER_EXTENSION = app;
			};
			name = Debug;
		};
		C27951011907140500D3D8AF /* Release */ = {
			isa = XCBuildConfiguration;
			buildSettings = {
				ASSETCATALOG_COMPILER_APPICON_NAME = AppIcon;
				ASSETCATALOG_COMPILER_LAUNCHIMAGE_NAME = LaunchImage;
				GCC_PRECOMPILE_PREFIX_HEADER = YES;
				GCC_PREFIX_HEADER = "Hi5/Hi5-Prefix.pch";
				INFOPLIST_FILE = "Hi5/Hi5-Info.plist";
				IPHONEOS_DEPLOYMENT_TARGET = 7.0;
				PRODUCT_NAME = "$(TARGET_NAME)";
				WRAPPER_EXTENSION = app;
			};
			name = Release;
		};
		C27951031907140500D3D8AF /* Debug */ = {
			isa = XCBuildConfiguration;
			buildSettings = {
				BUNDLE_LOADER = "$(BUILT_PRODUCTS_DIR)/Hi5.app/Hi5";
				FRAMEWORK_SEARCH_PATHS = (
					"$(SDKROOT)/Developer/Library/Frameworks",
					"$(inherited)",
					"$(DEVELOPER_FRAMEWORKS_DIR)",
				);
				GCC_PRECOMPILE_PREFIX_HEADER = YES;
				GCC_PREFIX_HEADER = "Hi5/Hi5-Prefix.pch";
				GCC_PREPROCESSOR_DEFINITIONS = (
					"DEBUG=1",
					"$(inherited)",
				);
				INFOPLIST_FILE = "Hi5Tests/Hi5Tests-Info.plist";
				PRODUCT_NAME = "$(TARGET_NAME)";
				TEST_HOST = "$(BUNDLE_LOADER)";
				WRAPPER_EXTENSION = xctest;
			};
			name = Debug;
		};
		C27951041907140500D3D8AF /* Release */ = {
			isa = XCBuildConfiguration;
			buildSettings = {
				BUNDLE_LOADER = "$(BUILT_PRODUCTS_DIR)/Hi5.app/Hi5";
				FRAMEWORK_SEARCH_PATHS = (
					"$(SDKROOT)/Developer/Library/Frameworks",
					"$(inherited)",
					"$(DEVELOPER_FRAMEWORKS_DIR)",
				);
				GCC_PRECOMPILE_PREFIX_HEADER = YES;
				GCC_PREFIX_HEADER = "Hi5/Hi5-Prefix.pch";
				INFOPLIST_FILE = "Hi5Tests/Hi5Tests-Info.plist";
				PRODUCT_NAME = "$(TARGET_NAME)";
				TEST_HOST = "$(BUNDLE_LOADER)";
				WRAPPER_EXTENSION = xctest;
			};
			name = Release;
		};
/* End XCBuildConfiguration section */

/* Begin XCConfigurationList section */
		C27950C51907140500D3D8AF /* Build configuration list for PBXProject "Hi5" */ = {
			isa = XCConfigurationList;
			buildConfigurations = (
				C27950FD1907140500D3D8AF /* Debug */,
				C27950FE1907140500D3D8AF /* Release */,
			);
			defaultConfigurationIsVisible = 0;
			defaultConfigurationName = Release;
		};
		C27950FF1907140500D3D8AF /* Build configuration list for PBXNativeTarget "Hi5" */ = {
			isa = XCConfigurationList;
			buildConfigurations = (
				C27951001907140500D3D8AF /* Debug */,
				C27951011907140500D3D8AF /* Release */,
			);
			defaultConfigurationIsVisible = 0;
			defaultConfigurationName = Release;
		};
		C27951021907140500D3D8AF /* Build configuration list for PBXNativeTarget "Hi5Tests" */ = {
			isa = XCConfigurationList;
			buildConfigurations = (
				C27951031907140500D3D8AF /* Debug */,
				C27951041907140500D3D8AF /* Release */,
			);
			defaultConfigurationIsVisible = 0;
			defaultConfigurationName = Release;
		};
/* End XCConfigurationList section */
	};
	rootObject = C27950C21907140500D3D8AF /* Project object */;
}
